
Microsoft Visual Studio Solution File, Format Version 12.00
# Visual Studio 15
VisualStudioVersion = 15.0.27703.2000
MinimumVisualStudioVersion = 10.0.40219.1
Project("{FAE04EC0-301F-11D3-BF4B-00C04F79EFBC}") = "fees_proj", "fees_proj\fees_proj.csproj", "{43E43187-E561-4A09-A86F-F8760DCE5818}"
EndProject
Global
	GlobalSection(SolutionConfigurationPlatforms) = preSolution
		Debug|Any CPU = Debug|Any CPU
		Release|Any CPU = Release|Any CPU
	EndGlobalSection
	GlobalSection(ProjectConfigurationPlatforms) = postSolution
		{43E43187-E561-4A09-A86F-F8760DCE5818}.Debug|Any CPU.ActiveCfg = Debug|Any CPU
		{43E43187-E561-4A09-A86F-F8760DCE5818}.Debug|Any CPU.Build.0 = Debug|Any CPU
		{43E43187-E561-4A09-A86F-F8760DCE5818}.Release|Any CPU.ActiveCfg = Release|Any CPU
		{43E43187-E561-4A09-A86F-F8760DCE5818}.Release|Any CPU.Build.0 = Release|Any CPU
	EndGlobalSection
	GlobalSection(SolutionProperties) = preSolution
		HideSolutionNode = FALSE
	EndGlobalSection
	GlobalSection(ExtensibilityGlobals) = postSolution
		SolutionGuid = {D1F2EAF5-8510-4E78-AF5E-F7E4143DA2D6}
	EndGlobalSection
EndGlobal
